
Microsoft Visual Studio Solution File, Format Version 12.00
# Visual Studio Version 16
VisualStudioVersion = 16.0.32002.261
MinimumVisualStudioVersion = 10.0.40219.1
Project("{FAE04EC0-301F-11D3-BF4B-00C04F79EFBC}") = "HeyKodi", "HeyKodi\HeyKodi.csproj", "{F8FA8A39-4FF6-4CB9-BB15-5878C82AF54A}"
EndProject
Project("{FAE04EC0-301F-11D3-BF4B-00C04F79EFBC}") = "KodiRPC", "KodiRPC\KodiRPC.csproj", "{ED15C2BF-5DD4-47C1-91E7-6F80E7F0AD7B}"
EndProject
Project("{54435603-DBB4-11D2-8724-00A0C9A8B90C}") = "HeyKodiSetup", "HeyKodiSetup\HeyKodiSetup.vdproj", "{C97F88B9-4D28-497A-A26D-380610252545}"
EndProject
Global
	GlobalSection(SolutionConfigurationPlatforms) = preSolution
		Debug|Any CPU = Debug|Any CPU
		Local|Any CPU = Local|Any CPU
		Local-Debug|Any CPU = Local-Debug|Any CPU
		PieterLocal|Any CPU = PieterLocal|Any CPU
		Pieter-Uys|Any CPU = Pieter-Uys|Any CPU
		Release|Any CPU = Release|Any CPU
		Remote|Any CPU = Remote|Any CPU
		VM|Any CPU = VM|Any CPU
	EndGlobalSection
	GlobalSection(ProjectConfigurationPlatforms) = postSolution
		{F8FA8A39-4FF6-4CB9-BB15-5878C82AF54A}.Debug|Any CPU.ActiveCfg = Debug|Any CPU
		{F8FA8A39-4FF6-4CB9-BB15-5878C82AF54A}.Debug|Any CPU.Build.0 = Debug|Any CPU
		{F8FA8A39-4FF6-4CB9-BB15-5878C82AF54A}.Local|Any CPU.ActiveCfg = Release|Any CPU
		{F8FA8A39-4FF6-4CB9-BB15-5878C82AF54A}.Local|Any CPU.Build.0 = Release|Any CPU
		{F8FA8A39-4FF6-4CB9-BB15-5878C82AF54A}.Local-Debug|Any CPU.ActiveCfg = Debug|Any CPU
		{F8FA8A39-4FF6-4CB9-BB15-5878C82AF54A}.Local-Debug|Any CPU.Build.0 = Debug|Any CPU
		{F8FA8A39-4FF6-4CB9-BB15-5878C82AF54A}.PieterLocal|Any CPU.ActiveCfg = Release|Any CPU
		{F8FA8A39-4FF6-4CB9-BB15-5878C82AF54A}.PieterLocal|Any CPU.Build.0 = Release|Any CPU
		{F8FA8A39-4FF6-4CB9-BB15-5878C82AF54A}.Pieter-Uys|Any CPU.ActiveCfg = Release|Any CPU
		{F8FA8A39-4FF6-4CB9-BB15-5878C82AF54A}.Pieter-Uys|Any CPU.Build.0 = Release|Any CPU
		{F8FA8A39-4FF6-4CB9-BB15-5878C82AF54A}.Release|Any CPU.ActiveCfg = Release|Any CPU
		{F8FA8A39-4FF6-4CB9-BB15-5878C82AF54A}.Release|Any CPU.Build.0 = Release|Any CPU
		{F8FA8A39-4FF6-4CB9-BB15-5878C82AF54A}.Remote|Any CPU.ActiveCfg = Release|Any CPU
		{F8FA8A39-4FF6-4CB9-BB15-5878C82AF54A}.Remote|Any CPU.Build.0 = Release|Any CPU
		{F8FA8A39-4FF6-4CB9-BB15-5878C82AF54A}.VM|Any CPU.ActiveCfg = Release|Any CPU
		{F8FA8A39-4FF6-4CB9-BB15-5878C82AF54A}.VM|Any CPU.Build.0 = Release|Any CPU
		{ED15C2BF-5DD4-47C1-91E7-6F80E7F0AD7B}.Debug|Any CPU.ActiveCfg = Debug|Any CPU
		{ED15C2BF-5DD4-47C1-91E7-6F80E7F0AD7B}.Debug|Any CPU.Build.0 = Debug|Any CPU
		{ED15C2BF-5DD4-47C1-91E7-6F80E7F0AD7B}.Local|Any CPU.ActiveCfg = Local|Any CPU
		{ED15C2BF-5DD4-47C1-91E7-6F80E7F0AD7B}.Local|Any CPU.Build.0 = Local|Any CPU
		{ED15C2BF-5DD4-47C1-91E7-6F80E7F0AD7B}.Local-Debug|Any CPU.ActiveCfg = Local-Debug|Any CPU
		{ED15C2BF-5DD4-47C1-91E7-6F80E7F0AD7B}.Local-Debug|Any CPU.Build.0 = Local-Debug|Any CPU
		{ED15C2BF-5DD4-47C1-91E7-6F80E7F0AD7B}.PieterLocal|Any CPU.ActiveCfg = PieterLocal|Any CPU
		{ED15C2BF-5DD4-47C1-91E7-6F80E7F0AD7B}.PieterLocal|Any CPU.Build.0 = PieterLocal|Any CPU
		{ED15C2BF-5DD4-47C1-91E7-6F80E7F0AD7B}.Pieter-Uys|Any CPU.ActiveCfg = Pieter-Uys|Any CPU
		{ED15C2BF-5DD4-47C1-91E7-6F80E7F0AD7B}.Pieter-Uys|Any CPU.Build.0 = Pieter-Uys|Any CPU
		{ED15C2BF-5DD4-47C1-91E7-6F80E7F0AD7B}.Release|Any CPU.ActiveCfg = Release|Any CPU
		{ED15C2BF-5DD4-47C1-91E7-6F80E7F0AD7B}.Release|Any CPU.Build.0 = Release|Any CPU
		{ED15C2BF-5DD4-47C1-91E7-6F80E7F0AD7B}.Remote|Any CPU.ActiveCfg = Remote|Any CPU
		{ED15C2BF-5DD4-47C1-91E7-6F80E7F0AD7B}.Remote|Any CPU.Build.0 = Remote|Any CPU
		{ED15C2BF-5DD4-47C1-91E7-6F80E7F0AD7B}.VM|Any CPU.ActiveCfg = VM|Any CPU
		{ED15C2BF-5DD4-47C1-91E7-6F80E7F0AD7B}.VM|Any CPU.Build.0 = VM|Any CPU
		{C97F88B9-4D28-497A-A26D-380610252545}.Debug|Any CPU.ActiveCfg = Debug
		{C97F88B9-4D28-497A-A26D-380610252545}.Local|Any CPU.ActiveCfg = Debug
		{C97F88B9-4D28-497A-A26D-380610252545}.Local-Debug|Any CPU.ActiveCfg = Debug
		{C97F88B9-4D28-497A-A26D-380610252545}.PieterLocal|Any CPU.ActiveCfg = Debug
		{C97F88B9-4D28-497A-A26D-380610252545}.Pieter-Uys|Any CPU.ActiveCfg = Debug
		{C97F88B9-4D28-497A-A26D-380610252545}.Release|Any CPU.ActiveCfg = Release
		{C97F88B9-4D28-497A-A26D-380610252545}.Remote|Any CPU.ActiveCfg = Release
		{C97F88B9-4D28-497A-A26D-380610252545}.VM|Any CPU.ActiveCfg = Debug
	EndGlobalSection
	GlobalSection(SolutionProperties) = preSolution
		HideSolutionNode = FALSE
	EndGlobalSection
	GlobalSection(ExtensibilityGlobals) = postSolution
		SolutionGuid = {94D3F687-E913-4EBC-B751-96F23288BB16}
	EndGlobalSection
EndGlobal
